
Microsoft Visual Studio Solution File, Format Version 12.00
Project("{2150E333-8FDC-42A3-9474-1A3956D46DE8}") = "src", "src", "{387B9CFA-B417-4A57-9D9E-BD28E0FEBBE3}"
EndProject
Project("{FAE04EC0-301F-11D3-BF4B-00C04F79EFBC}") = "DetectPangram", "src\DetectPangram\DetectPangram.csproj", "{CA3B424D-C991-445D-AE90-D4C1DE13171C}"
EndProject
Project("{FAE04EC0-301F-11D3-BF4B-00C04F79EFBC}") = "FindTheDivisors", "src\FindTheDivisors\FindTheDivisors.csproj", "{BD48A9B9-CC0E-402B-A6A5-89B868ECF103}"
EndProject
Project("{FAE04EC0-301F-11D3-BF4B-00C04F79EFBC}") = "SpinningWords", "src\SpinningWords\SpinningWords.csproj", "{99F28F99-A60A-4251-B19D-9BB91FBACE22}"
EndProject
Project("{FAE04EC0-301F-11D3-BF4B-00C04F79EFBC}") = "WhoLikesIt", "src\WhoLikesIt\WhoLikesIt.csproj", "{4201EFE0-42DA-40CF-B9CD-0E81F737CA19}"
EndProject
Project("{FAE04EC0-301F-11D3-BF4B-00C04F79EFBC}") = "Break camelCase", "src\Break camelCase\Break camelCase.csproj", "{752430F1-BAED-4CAC-8315-976B7D758A02}"
EndProject
Project("{FAE04EC0-301F-11D3-BF4B-00C04F79EFBC}") = "Rot13", "src\Rot13\Rot13.csproj", "{1E351C5A-CFED-4B1C-8A19-5199ED283270}"
EndProject
Project("{FAE04EC0-301F-11D3-BF4B-00C04F79EFBC}") = "DuplicateEncoder", "src\DuplicateEncoder\DuplicateEncoder.csproj", "{0D102D87-2A47-4255-B526-4CE939566525}"
EndProject
Project("{FAE04EC0-301F-11D3-BF4B-00C04F79EFBC}") = "Simple Pig Latin", "src\Simple Pig Latin\Simple Pig Latin.csproj", "{51E1ABE7-B043-45AA-9404-7101ABAF9270}"
EndProject
Project("{FAE04EC0-301F-11D3-BF4B-00C04F79EFBC}") = "MovingZerosToTheEnd", "src\MovingZerosToTheEnd\MovingZerosToTheEnd.csproj", "{D6D87D86-9B8B-4823-BD6B-2369DC99F81B}"
EndProject
Project("{FAE04EC0-301F-11D3-BF4B-00C04F79EFBC}") = "UniqueInOrder", "src\UniqueInOrder\UniqueInOrder.csproj", "{A01072B6-26EA-495D-BFE0-3AD949D86D79}"
EndProject
Project("{FAE04EC0-301F-11D3-BF4B-00C04F79EFBC}") = "StripComments", "src\StripComments\StripComments.csproj", "{A15AA8B5-81C6-45EE-9EB4-E7BEF57AC91A}"
EndProject
Project("{FAE04EC0-301F-11D3-BF4B-00C04F79EFBC}") = "BestTravel", "src\BestTravel\BestTravel.csproj", "{B0888979-21EE-4BAE-BA8E-10D89D0A6269}"
EndProject
Project("{FAE04EC0-301F-11D3-BF4B-00C04F79EFBC}") = "WhereMyAnagramsAt", "src\WhereMyAnagramsAt\WhereMyAnagramsAt.csproj", "{D87CC768-66DF-4A27-9A05-5F8AD1A7FA91}"
EndProject
Project("{FAE04EC0-301F-11D3-BF4B-00C04F79EFBC}") = "PaginationHelper", "src\PaginationHelper\PaginationHelper.csproj", "{C8188EED-3392-4B26-ACE8-E26C4F3237F3}"
EndProject
Global
	GlobalSection(SolutionConfigurationPlatforms) = preSolution
		Debug|Any CPU = Debug|Any CPU
		Release|Any CPU = Release|Any CPU
	EndGlobalSection
	GlobalSection(ProjectConfigurationPlatforms) = postSolution
		{CA3B424D-C991-445D-AE90-D4C1DE13171C}.Debug|Any CPU.ActiveCfg = Debug|Any CPU
		{CA3B424D-C991-445D-AE90-D4C1DE13171C}.Debug|Any CPU.Build.0 = Debug|Any CPU
		{CA3B424D-C991-445D-AE90-D4C1DE13171C}.Release|Any CPU.ActiveCfg = Release|Any CPU
		{CA3B424D-C991-445D-AE90-D4C1DE13171C}.Release|Any CPU.Build.0 = Release|Any CPU
		{BD48A9B9-CC0E-402B-A6A5-89B868ECF103}.Debug|Any CPU.ActiveCfg = Debug|Any CPU
		{BD48A9B9-CC0E-402B-A6A5-89B868ECF103}.Debug|Any CPU.Build.0 = Debug|Any CPU
		{BD48A9B9-CC0E-402B-A6A5-89B868ECF103}.Release|Any CPU.ActiveCfg = Release|Any CPU
		{BD48A9B9-CC0E-402B-A6A5-89B868ECF103}.Release|Any CPU.Build.0 = Release|Any CPU
		{99F28F99-A60A-4251-B19D-9BB91FBACE22}.Debug|Any CPU.ActiveCfg = Debug|Any CPU
		{99F28F99-A60A-4251-B19D-9BB91FBACE22}.Debug|Any CPU.Build.0 = Debug|Any CPU
		{99F28F99-A60A-4251-B19D-9BB91FBACE22}.Release|Any CPU.ActiveCfg = Release|Any CPU
		{99F28F99-A60A-4251-B19D-9BB91FBACE22}.Release|Any CPU.Build.0 = Release|Any CPU
		{4201EFE0-42DA-40CF-B9CD-0E81F737CA19}.Debug|Any CPU.ActiveCfg = Debug|Any CPU
		{4201EFE0-42DA-40CF-B9CD-0E81F737CA19}.Debug|Any CPU.Build.0 = Debug|Any CPU
		{4201EFE0-42DA-40CF-B9CD-0E81F737CA19}.Release|Any CPU.ActiveCfg = Release|Any CPU
		{4201EFE0-42DA-40CF-B9CD-0E81F737CA19}.Release|Any CPU.Build.0 = Release|Any CPU
		{752430F1-BAED-4CAC-8315-976B7D758A02}.Debug|Any CPU.ActiveCfg = Debug|Any CPU
		{752430F1-BAED-4CAC-8315-976B7D758A02}.Debug|Any CPU.Build.0 = Debug|Any CPU
		{752430F1-BAED-4CAC-8315-976B7D758A02}.Release|Any CPU.ActiveCfg = Release|Any CPU
		{752430F1-BAED-4CAC-8315-976B7D758A02}.Release|Any CPU.Build.0 = Release|Any CPU
		{1E351C5A-CFED-4B1C-8A19-5199ED283270}.Debug|Any CPU.ActiveCfg = Debug|Any CPU
		{1E351C5A-CFED-4B1C-8A19-5199ED283270}.Debug|Any CPU.Build.0 = Debug|Any CPU
		{1E351C5A-CFED-4B1C-8A19-5199ED283270}.Release|Any CPU.ActiveCfg = Release|Any CPU
		{1E351C5A-CFED-4B1C-8A19-5199ED283270}.Release|Any CPU.Build.0 = Release|Any CPU
		{0D102D87-2A47-4255-B526-4CE939566525}.Debug|Any CPU.ActiveCfg = Debug|Any CPU
		{0D102D87-2A47-4255-B526-4CE939566525}.Debug|Any CPU.Build.0 = Debug|Any CPU
		{0D102D87-2A47-4255-B526-4CE939566525}.Release|Any CPU.ActiveCfg = Release|Any CPU
		{0D102D87-2A47-4255-B526-4CE939566525}.Release|Any CPU.Build.0 = Release|Any CPU
		{51E1ABE7-B043-45AA-9404-7101ABAF9270}.Debug|Any CPU.ActiveCfg = Debug|Any CPU
		{51E1ABE7-B043-45AA-9404-7101ABAF9270}.Debug|Any CPU.Build.0 = Debug|Any CPU
		{51E1ABE7-B043-45AA-9404-7101ABAF9270}.Release|Any CPU.ActiveCfg = Release|Any CPU
		{51E1ABE7-B043-45AA-9404-7101ABAF9270}.Release|Any CPU.Build.0 = Release|Any CPU
		{D6D87D86-9B8B-4823-BD6B-2369DC99F81B}.Debug|Any CPU.ActiveCfg = Debug|Any CPU
		{D6D87D86-9B8B-4823-BD6B-2369DC99F81B}.Debug|Any CPU.Build.0 = Debug|Any CPU
		{D6D87D86-9B8B-4823-BD6B-2369DC99F81B}.Release|Any CPU.ActiveCfg = Release|Any CPU
		{D6D87D86-9B8B-4823-BD6B-2369DC99F81B}.Release|Any CPU.Build.0 = Release|Any CPU
		{A01072B6-26EA-495D-BFE0-3AD949D86D79}.Debug|Any CPU.ActiveCfg = Debug|Any CPU
		{A01072B6-26EA-495D-BFE0-3AD949D86D79}.Debug|Any CPU.Build.0 = Debug|Any CPU
		{A01072B6-26EA-495D-BFE0-3AD949D86D79}.Release|Any CPU.ActiveCfg = Release|Any CPU
		{A01072B6-26EA-495D-BFE0-3AD949D86D79}.Release|Any CPU.Build.0 = Release|Any CPU
		{A15AA8B5-81C6-45EE-9EB4-E7BEF57AC91A}.Debug|Any CPU.ActiveCfg = Debug|Any CPU
		{A15AA8B5-81C6-45EE-9EB4-E7BEF57AC91A}.Debug|Any CPU.Build.0 = Debug|Any CPU
		{A15AA8B5-81C6-45EE-9EB4-E7BEF57AC91A}.Release|Any CPU.ActiveCfg = Release|Any CPU
		{A15AA8B5-81C6-45EE-9EB4-E7BEF57AC91A}.Release|Any CPU.Build.0 = Release|Any CPU
		{B0888979-21EE-4BAE-BA8E-10D89D0A6269}.Debug|Any CPU.ActiveCfg = Debug|Any CPU
		{B0888979-21EE-4BAE-BA8E-10D89D0A6269}.Debug|Any CPU.Build.0 = Debug|Any CPU
		{B0888979-21EE-4BAE-BA8E-10D89D0A6269}.Release|Any CPU.ActiveCfg = Release|Any CPU
		{B0888979-21EE-4BAE-BA8E-10D89D0A6269}.Release|Any CPU.Build.0 = Release|Any CPU
		{D87CC768-66DF-4A27-9A05-5F8AD1A7FA91}.Debug|Any CPU.ActiveCfg = Debug|Any CPU
		{D87CC768-66DF-4A27-9A05-5F8AD1A7FA91}.Debug|Any CPU.Build.0 = Debug|Any CPU
		{D87CC768-66DF-4A27-9A05-5F8AD1A7FA91}.Release|Any CPU.ActiveCfg = Release|Any CPU
		{D87CC768-66DF-4A27-9A05-5F8AD1A7FA91}.Release|Any CPU.Build.0 = Release|Any CPU
		{C8188EED-3392-4B26-ACE8-E26C4F3237F3}.Debug|Any CPU.ActiveCfg = Debug|Any CPU
		{C8188EED-3392-4B26-ACE8-E26C4F3237F3}.Debug|Any CPU.Build.0 = Debug|Any CPU
		{C8188EED-3392-4B26-ACE8-E26C4F3237F3}.Release|Any CPU.ActiveCfg = Release|Any CPU
		{C8188EED-3392-4B26-ACE8-E26C4F3237F3}.Release|Any CPU.Build.0 = Release|Any CPU
	EndGlobalSection
	GlobalSection(NestedProjects) = preSolution
		{CA3B424D-C991-445D-AE90-D4C1DE13171C} = {387B9CFA-B417-4A57-9D9E-BD28E0FEBBE3}
		{BD48A9B9-CC0E-402B-A6A5-89B868ECF103} = {387B9CFA-B417-4A57-9D9E-BD28E0FEBBE3}
		{99F28F99-A60A-4251-B19D-9BB91FBACE22} = {387B9CFA-B417-4A57-9D9E-BD28E0FEBBE3}
		{4201EFE0-42DA-40CF-B9CD-0E81F737CA19} = {387B9CFA-B417-4A57-9D9E-BD28E0FEBBE3}
		{752430F1-BAED-4CAC-8315-976B7D758A02} = {387B9CFA-B417-4A57-9D9E-BD28E0FEBBE3}
		{1E351C5A-CFED-4B1C-8A19-5199ED283270} = {387B9CFA-B417-4A57-9D9E-BD28E0FEBBE3}
		{0D102D87-2A47-4255-B526-4CE939566525} = {387B9CFA-B417-4A57-9D9E-BD28E0FEBBE3}
		{51E1ABE7-B043-45AA-9404-7101ABAF9270} = {387B9CFA-B417-4A57-9D9E-BD28E0FEBBE3}
		{D6D87D86-9B8B-4823-BD6B-2369DC99F81B} = {387B9CFA-B417-4A57-9D9E-BD28E0FEBBE3}
		{A01072B6-26EA-495D-BFE0-3AD949D86D79} = {387B9CFA-B417-4A57-9D9E-BD28E0FEBBE3}
		{A15AA8B5-81C6-45EE-9EB4-E7BEF57AC91A} = {387B9CFA-B417-4A57-9D9E-BD28E0FEBBE3}
		{B0888979-21EE-4BAE-BA8E-10D89D0A6269} = {387B9CFA-B417-4A57-9D9E-BD28E0FEBBE3}
		{D87CC768-66DF-4A27-9A05-5F8AD1A7FA91} = {387B9CFA-B417-4A57-9D9E-BD28E0FEBBE3}
		{C8188EED-3392-4B26-ACE8-E26C4F3237F3} = {387B9CFA-B417-4A57-9D9E-BD28E0FEBBE3}
	EndGlobalSection
EndGlobal
